
Microsoft Visual Studio Solution File, Format Version 12.00
# Visual Studio Version 17
VisualStudioVersion = 17.11.35312.102
MinimumVisualStudioVersion = 10.0.40219.1
Project("{9A19103F-16F7-4668-BE54-9A1E7A4F7556}") = "TestAutomationFramework.Core.WebUI", "TestAutomationFramework.Core.WebUI\TestAutomationFramework.Core.WebUI.csproj", "{5E06291F-5714-4978-834E-62BE36AA2194}"
EndProject
Project("{FAE04EC0-301F-11D3-BF4B-00C04F79EFBC}") = "TestAutomationFramework.DemoUI", "TestAutomationFramework.DemoUI\TestAutomationFramework.DemoUI.csproj", "{B940EC08-3E3A-4CB7-9FA5-190167FAAF3C}"
EndProject
Project("{FAE04EC0-301F-11D3-BF4B-00C04F79EFBC}") = "TestAutomationFramework.DemoUI.Test", "TestAutomationFramework.DemoUI.Test\TestAutomationFramework.DemoUI.Test.csproj", "{B8818F4F-7F38-4EE5-9DBB-18B99C4CFE55}"
EndProject
Global
	GlobalSection(SolutionConfigurationPlatforms) = preSolution
		Debug|Any CPU = Debug|Any CPU
		Release|Any CPU = Release|Any CPU
	EndGlobalSection
	GlobalSection(ProjectConfigurationPlatforms) = postSolution
		{5E06291F-5714-4978-834E-62BE36AA2194}.Debug|Any CPU.ActiveCfg = Debug|Any CPU
		{5E06291F-5714-4978-834E-62BE36AA2194}.Debug|Any CPU.Build.0 = Debug|Any CPU
		{5E06291F-5714-4978-834E-62BE36AA2194}.Release|Any CPU.ActiveCfg = Release|Any CPU
		{5E06291F-5714-4978-834E-62BE36AA2194}.Release|Any CPU.Build.0 = Release|Any CPU
		{B940EC08-3E3A-4CB7-9FA5-190167FAAF3C}.Debug|Any CPU.ActiveCfg = Debug|Any CPU
		{B940EC08-3E3A-4CB7-9FA5-190167FAAF3C}.Debug|Any CPU.Build.0 = Debug|Any CPU
		{B940EC08-3E3A-4CB7-9FA5-190167FAAF3C}.Release|Any CPU.ActiveCfg = Release|Any CPU
		{B940EC08-3E3A-4CB7-9FA5-190167FAAF3C}.Release|Any CPU.Build.0 = Release|Any CPU
		{B8818F4F-7F38-4EE5-9DBB-18B99C4CFE55}.Debug|Any CPU.ActiveCfg = Debug|Any CPU
		{B8818F4F-7F38-4EE5-9DBB-18B99C4CFE55}.Debug|Any CPU.Build.0 = Debug|Any CPU
		{B8818F4F-7F38-4EE5-9DBB-18B99C4CFE55}.Release|Any CPU.ActiveCfg = Release|Any CPU
		{B8818F4F-7F38-4EE5-9DBB-18B99C4CFE55}.Release|Any CPU.Build.0 = Release|Any CPU
	EndGlobalSection
	GlobalSection(SolutionProperties) = preSolution
		HideSolutionNode = FALSE
	EndGlobalSection
	GlobalSection(ExtensibilityGlobals) = postSolution
		SolutionGuid = {06EFF906-C8AA-4B8E-A788-0FC05096A52E}
	EndGlobalSection
EndGlobal
